
Microsoft Visual Studio Solution File, Format Version 12.00
# Visual Studio Version 16
VisualStudioVersion = 16.0.32510.428
MinimumVisualStudioVersion = 10.0.40219.1
Project("{D2ABAB84-BF74-430A-B69E-9DC6D40DDA17}") = "AdventureWorks.OLAP", "AdventureWorks.OLAP\AdventureWorks.OLAP.dwproj", "{6334E4F9-A1BD-49D8-A68C-A7D5C0723E9F}"
EndProject
Global
	GlobalSection(SolutionConfigurationPlatforms) = preSolution
		Development|Default = Development|Default
	EndGlobalSection
	GlobalSection(ProjectConfigurationPlatforms) = postSolution
		{6334E4F9-A1BD-49D8-A68C-A7D5C0723E9F}.Development|Default.ActiveCfg = Development
		{6334E4F9-A1BD-49D8-A68C-A7D5C0723E9F}.Development|Default.Build.0 = Development
		{6334E4F9-A1BD-49D8-A68C-A7D5C0723E9F}.Development|Default.Deploy.0 = Development
	EndGlobalSection
	GlobalSection(SolutionProperties) = preSolution
		HideSolutionNode = FALSE
	EndGlobalSection
	GlobalSection(ExtensibilityGlobals) = postSolution
		SolutionGuid = {683EDE00-7A2C-429A-8883-9E4DA0BCE643}
	EndGlobalSection
EndGlobal
